
Microsoft Visual Studio Solution File, Format Version 12.00
# Visual Studio Version 17
VisualStudioVersion = 17.5.002.0
MinimumVisualStudioVersion = 10.0.40219.1
Project("{9A19103F-16F7-4668-BE54-9A1E7A4F7556}") = "StaffAPI", "StaffAPI.csproj", "{2781EF22-533A-4342-9D3E-023F95571CCF}"
EndProject
Global
	GlobalSection(SolutionConfigurationPlatforms) = preSolution
		Debug|Any CPU = Debug|Any CPU
		Release|Any CPU = Release|Any CPU
	EndGlobalSection
	GlobalSection(ProjectConfigurationPlatforms) = postSolution
		{2781EF22-533A-4342-9D3E-023F95571CCF}.Debug|Any CPU.ActiveCfg = Debug|Any CPU
		{2781EF22-533A-4342-9D3E-023F95571CCF}.Debug|Any CPU.Build.0 = Debug|Any CPU
		{2781EF22-533A-4342-9D3E-023F95571CCF}.Release|Any CPU.ActiveCfg = Release|Any CPU
		{2781EF22-533A-4342-9D3E-023F95571CCF}.Release|Any CPU.Build.0 = Release|Any CPU
	EndGlobalSection
	GlobalSection(SolutionProperties) = preSolution
		HideSolutionNode = FALSE
	EndGlobalSection
	GlobalSection(ExtensibilityGlobals) = postSolution
		SolutionGuid = {FFDF1DC9-653A-4B70-B03F-B05170F2BB4A}
	EndGlobalSection
EndGlobal
